<?xml version="1.0" encoding="utf-8"?>
<Project ToolsVersion="4.0" xmlns="http://schemas.microsoft.com/developer/msbuild/2003">
  <ItemGroup>
    <None Include="..\.clang-format" />
    <None Include="..\.clang-tidy" />
  </ItemGroup>
  <ItemGroup>
    <ClCompile Include="..\BIEditor.cpp" />
    <ClCompile Include="..\BIEditorController.cpp" />
    <ClCompile Include="..\BIFlyCameraSystem.cpp" />
    <ClCompile Include="..\BIEventListener.cpp" />
    <ClCompile Include="..\Widgets\ActorEditorWidget.cpp">
      <Filter>Widgets</Filter>
    </ClCompile>
    <ClCompile Include="..\Widgets\NumEditWidget.cpp">
      <Filter>Widgets</Filter>
    </ClCompile>
    <ClCompile Include="..\Graphics\ActorPickingTechnique.cpp">
      <Filter>Graphics</Filter>
    </ClCompile>
    <ClCompile Include="..\Graphics\SelectedActorOutliner.cpp">
      <Filter>Graphics</Filter>
    </ClCompile>
  </ItemGroup>
  <ItemGroup>
    <ClInclude Include="..\BIEditor.h" />
    <ClInclude Include="..\BIEditorController.h" />
    <ClInclude Include="..\BIFlyCameraSystem.h" />
    <ClInclude Include="..\BIEventListener.h" />
    <ClInclude Include="..\Widgets\ActorEditorWidget.h">
      <Filter>Widgets</Filter>
    </ClInclude>
    <ClInclude Include="..\Widgets\NumEditWidget.h">
      <Filter>Widgets</Filter>
    </ClInclude>
    <ClInclude Include="..\Graphics\ActorPickingTechnique.h">
      <Filter>Graphics</Filter>
    </ClInclude>
    <ClInclude Include="..\Graphics\SelectedActorOutliner.h">
      <Filter>Graphics</Filter>
    </ClInclude>
  </ItemGroup>
  <ItemGroup>
    <Filter Include="Widgets">
      <UniqueIdentifier>{3e9730e1-4fc4-46a9-bf5a-0152510e54eb}</UniqueIdentifier>
    </Filter>
    <Filter Include="Graphics">
      <UniqueIdentifier>{eaa1e748-2bcc-4460-8382-2992f251a54f}</UniqueIdentifier>
    </Filter>
  </ItemGroup>
</Project>