<?xml version="1.0" encoding="utf-8"?>
<Project ToolsVersion="4.0" xmlns="http://schemas.microsoft.com/developer/msbuild/2003">
  <ItemGroup>
    <ClCompile Include="Math\Vector_UnitTest.cpp">
      <Filter>Math</Filter>
    </ClCompile>
    <ClCompile Include="Math\Matrix_UnitTest.cpp">
      <Filter>Math</Filter>
    </ClCompile>
    <ClCompile Include="Math\Transform_UnitTest.cpp">
      <Filter>Math</Filter>
    </ClCompile>
    <ClCompile Include="..\BIEngine\Math\Transform.cpp">
      <Filter>EngineSources\Math</Filter>
    </ClCompile>
    <ClCompile Include="..\BIEngine\Math\Trigonometry.cpp">
      <Filter>EngineSources\Math</Filter>
    </ClCompile>
    <ClCompile Include="Math\Trigonometry_UnitTest.cpp">
      <Filter>Math</Filter>
    </ClCompile>
    <ClCompile Include="..\BIEngine\Math\Math.cpp">
      <Filter>EngineSources\Math</Filter>
    </ClCompile>
    <ClCompile Include="Math\Math_UnitTest.cpp">
      <Filter>Math</Filter>
    </ClCompile>
    <ClCompile Include="Math\Spline_UnitTest.cpp">
      <Filter>Math</Filter>
    </ClCompile>
    <ClCompile Include="..\BIEngine\EngineCore\Assert.cpp">
      <Filter>EngineSources\EngineCore</Filter>
    </ClCompile>
    <ClCompile Include="..\BIEngine\Utilities\Logger.cpp">
      <Filter>EngineSources\Utilities</Filter>
    </ClCompile>
  </ItemGroup>
  <ItemGroup>
    <Filter Include="Math">
      <UniqueIdentifier>{e200c405-79ab-40ae-ac61-09ea523b716f}</UniqueIdentifier>
    </Filter>
    <Filter Include="EngineSources">
      <UniqueIdentifier>{2697a62a-160c-477b-9991-7f4a719331e5}</UniqueIdentifier>
    </Filter>
    <Filter Include="EngineSources\Math">
      <UniqueIdentifier>{e7148ba7-cee3-4142-8949-95cbd75896be}</UniqueIdentifier>
    </Filter>
    <Filter Include="EngineSources\EngineCore">
      <UniqueIdentifier>{5087a64f-42b9-4a0b-9acd-86afe9c6d042}</UniqueIdentifier>
    </Filter>
    <Filter Include="EngineSources\Utilities">
      <UniqueIdentifier>{6a90d9af-9818-4254-ad47-7d4bffcbc040}</UniqueIdentifier>
    </Filter>
  </ItemGroup>
  <ItemGroup>
    <None Include="packages.config" />
  </ItemGroup>
  <ItemGroup>
    <ClInclude Include="..\BIEngine\Math\Matrix.h">
      <Filter>EngineSources\Math</Filter>
    </ClInclude>
    <ClInclude Include="..\BIEngine\Math\Transform.h">
      <Filter>EngineSources\Math</Filter>
    </ClInclude>
    <ClInclude Include="..\BIEngine\Math\Vector.h">
      <Filter>EngineSources\Math</Filter>
    </ClInclude>
    <ClInclude Include="..\BIEngine\Math\Trigonometry.h">
      <Filter>EngineSources\Math</Filter>
    </ClInclude>
    <ClInclude Include="..\BIEngine\Math\Math.h">
      <Filter>EngineSources\Math</Filter>
    </ClInclude>
    <ClInclude Include="..\BIEngine\EngineCore\Assert.h">
      <Filter>EngineSources\EngineCore</Filter>
    </ClInclude>
    <ClInclude Include="..\BIEngine\Utilities\Logger.h">
      <Filter>EngineSources\Utilities</Filter>
    </ClInclude>
    <ClInclude Include="..\BIEngine\Math\Spline.h">
      <Filter>EngineSources\Math</Filter>
    </ClInclude>
  </ItemGroup>
</Project>