<?xml version="1.0" encoding="utf-8"?>
<Project ToolsVersion="4.0" xmlns="http://schemas.microsoft.com/developer/msbuild/2003">
  <ItemGroup>
    <ClCompile Include="..\BIGame.cpp" />
    <ClCompile Include="..\BIGameController.cpp" />
    <ClCompile Include="..\BIFlyCameraSystem.cpp" />
    <ClCompile Include="..\BIEventListener.cpp" />
  </ItemGroup>
  <ItemGroup>
    <ClInclude Include="..\BIGame.h" />
    <ClInclude Include="..\BIGameController.h" />
    <ClInclude Include="..\BIFlyCameraSystem.h" />
    <ClInclude Include="..\BIEventListener.h" />
    <ClInclude Include="..\BIScriptExports.h" />
  </ItemGroup>
  <ItemGroup>
    <None Include="..\.clang-format" />
    <None Include="..\.clang-tidy" />
  </ItemGroup>
</Project>